
Microsoft Visual Studio Solution File, Format Version 12.00
# Visual Studio 15
VisualStudioVersion = 15.0.28307.960
MinimumVisualStudioVersion = 10.0.40219.1
Project("{FAE04EC0-301F-11D3-BF4B-00C04F79EFBC}") = "keyvaultdemo", "keyvaultdemo\keyvaultdemo.csproj", "{75BDC5CA-AF39-4AB9-A8E6-D57D1A17547D}"
EndProject
Global
	GlobalSection(SolutionConfigurationPlatforms) = preSolution
		Debug|Any CPU = Debug|Any CPU
		Release|Any CPU = Release|Any CPU
	EndGlobalSection
	GlobalSection(ProjectConfigurationPlatforms) = postSolution
		{75BDC5CA-AF39-4AB9-A8E6-D57D1A17547D}.Debug|Any CPU.ActiveCfg = Debug|Any CPU
		{75BDC5CA-AF39-4AB9-A8E6-D57D1A17547D}.Debug|Any CPU.Build.0 = Debug|Any CPU
		{75BDC5CA-AF39-4AB9-A8E6-D57D1A17547D}.Release|Any CPU.ActiveCfg = Release|Any CPU
		{75BDC5CA-AF39-4AB9-A8E6-D57D1A17547D}.Release|Any CPU.Build.0 = Release|Any CPU
	EndGlobalSection
	GlobalSection(SolutionProperties) = preSolution
		HideSolutionNode = FALSE
	EndGlobalSection
	GlobalSection(ExtensibilityGlobals) = postSolution
		SolutionGuid = {772D5C05-A7A1-4830-BB66-DD76C5956038}
	EndGlobalSection
EndGlobal
