
Microsoft Visual Studio Solution File, Format Version 12.00
# Visual Studio Version 16
VisualStudioVersion = 16.0.30225.117
MinimumVisualStudioVersion = 10.0.40219.1
Project("{FAE04EC0-301F-11D3-BF4B-00C04F79EFBC}") = "ReadGroupsUsingMI", "ReadGroupsUsingMI.csproj", "{47C83E3A-D6AD-45E2-B86C-816651BCECB6}"
EndProject
Global
	GlobalSection(SolutionConfigurationPlatforms) = preSolution
		Debug|Any CPU = Debug|Any CPU
		Release|Any CPU = Release|Any CPU
	EndGlobalSection
	GlobalSection(ProjectConfigurationPlatforms) = postSolution
		{47C83E3A-D6AD-45E2-B86C-816651BCECB6}.Debug|Any CPU.ActiveCfg = Debug|Any CPU
		{47C83E3A-D6AD-45E2-B86C-816651BCECB6}.Debug|Any CPU.Build.0 = Debug|Any CPU
		{47C83E3A-D6AD-45E2-B86C-816651BCECB6}.Release|Any CPU.ActiveCfg = Release|Any CPU
		{47C83E3A-D6AD-45E2-B86C-816651BCECB6}.Release|Any CPU.Build.0 = Release|Any CPU
	EndGlobalSection
	GlobalSection(SolutionProperties) = preSolution
		HideSolutionNode = FALSE
	EndGlobalSection
	GlobalSection(ExtensibilityGlobals) = postSolution
		SolutionGuid = {95A33C40-D47F-43F6-AC48-02A989F247C8}
	EndGlobalSection
EndGlobal
